
Microsoft Visual Studio Solution File, Format Version 12.00
# Visual Studio 14
VisualStudioVersion = 14.0.25123.0
MinimumVisualStudioVersion = 10.0.40219.1
Project("{FAE04EC0-301F-11D3-BF4B-00C04F79EFBC}") = "IronyCalculator", "IronyCalculator\IronyCalculator.csproj", "{EFA94A10-F7FA-4E44-BA4C-771B7CEA5EC1}"
EndProject
Project("{FAE04EC0-301F-11D3-BF4B-00C04F79EFBC}") = "IronyCalculatorUnitTests", "IronyCalculatorUnitTests\IronyCalculatorUnitTests.csproj", "{4605B81D-8D0A-4CAA-96CC-516EF1502F93}"
EndProject
Global
	GlobalSection(SolutionConfigurationPlatforms) = preSolution
		Debug|Any CPU = Debug|Any CPU
		Release|Any CPU = Release|Any CPU
	EndGlobalSection
	GlobalSection(ProjectConfigurationPlatforms) = postSolution
		{EFA94A10-F7FA-4E44-BA4C-771B7CEA5EC1}.Debug|Any CPU.ActiveCfg = Debug|Any CPU
		{EFA94A10-F7FA-4E44-BA4C-771B7CEA5EC1}.Debug|Any CPU.Build.0 = Debug|Any CPU
		{EFA94A10-F7FA-4E44-BA4C-771B7CEA5EC1}.Release|Any CPU.ActiveCfg = Release|Any CPU
		{EFA94A10-F7FA-4E44-BA4C-771B7CEA5EC1}.Release|Any CPU.Build.0 = Release|Any CPU
		{4605B81D-8D0A-4CAA-96CC-516EF1502F93}.Debug|Any CPU.ActiveCfg = Debug|Any CPU
		{4605B81D-8D0A-4CAA-96CC-516EF1502F93}.Debug|Any CPU.Build.0 = Debug|Any CPU
		{4605B81D-8D0A-4CAA-96CC-516EF1502F93}.Release|Any CPU.ActiveCfg = Release|Any CPU
		{4605B81D-8D0A-4CAA-96CC-516EF1502F93}.Release|Any CPU.Build.0 = Release|Any CPU
	EndGlobalSection
	GlobalSection(SolutionProperties) = preSolution
		HideSolutionNode = FALSE
	EndGlobalSection
EndGlobal
